<?xml version="1.0" encoding="UTF-8"?>
<CONFIG>
  <ProjectOptions>
    <Version Value="10"/>
    <PathDelim Value="\"/>
    <General>
      <SessionStorage Value="InProjectDir"/>
      <MainUnit Value="0"/>
      <Title Value="SegmentDisplayConfigurator"/>
      <ResourceType Value="res"/>
      <UseXPManifest Value="True"/>
      <Icon Value="0"/>
    </General>
    <LazDoc Paths="doc"/>
    <BuildModes Count="1">
      <Item1 Name="Default" Default="True"/>
    </BuildModes>
    <PublishOptions>
      <Version Value="2"/>
    </PublishOptions>
    <RunParams>
      <local>
        <FormatVersion Value="1"/>
      </local>
    </RunParams>
    <RequiredPackages Count="3">
      <Item1>
        <PackageName Value="SynEdit"/>
      </Item1>
      <Item2>
        <PackageName Value="BGRABitmapPack"/>
      </Item2>
      <Item3>
        <PackageName Value="LCL"/>
      </Item3>
    </RequiredPackages>
    <Units Count="7">
      <Unit0>
        <Filename Value="SegmentDisplayConfigurator.lpr"/>
        <IsPartOfProject Value="True"/>
      </Unit0>
      <Unit1>
        <Filename Value="maindlg.pas"/>
        <IsPartOfProject Value="True"/>
        <ComponentName Value="MainDialog"/>
        <HasResources Value="True"/>
        <ResourceBaseClass Value="Form"/>
        <UnitName Value="MainDlg"/>
      </Unit1>
      <Unit2>
        <Filename Value="bgragraphics.minipath.pas"/>
        <IsPartOfProject Value="True"/>
        <UnitName Value="BGRAGraphics.MiniPath"/>
      </Unit2>
      <Unit3>
        <Filename Value="singlevaluefrm.pas"/>
        <IsPartOfProject Value="True"/>
        <ComponentName Value="SingleValueFrame"/>
        <HasResources Value="True"/>
        <ResourceBaseClass Value="Frame"/>
        <UnitName Value="SingleValueFrm"/>
      </Unit3>
      <Unit4>
        <Filename Value="displayexamplesdlg.pas"/>
        <IsPartOfProject Value="True"/>
        <ComponentName Value="DisplayExamplesDialog"/>
        <HasResources Value="True"/>
        <ResourceBaseClass Value="Form"/>
        <UnitName Value="DisplayExamplesDlg"/>
      </Unit4>
      <Unit5>
        <Filename Value="..\ATOMEK.Controls\controls.segmentdisplay.pas"/>
        <IsPartOfProject Value="True"/>
        <UnitName Value="Controls.SegmentDisplay"/>
      </Unit5>
      <Unit6>
        <Filename Value="previewdlg.pas"/>
        <IsPartOfProject Value="True"/>
        <ComponentName Value="PreviewDialog"/>
        <HasResources Value="True"/>
        <ResourceBaseClass Value="Form"/>
        <UnitName Value="PreviewDlg"/>
      </Unit6>
    </Units>
  </ProjectOptions>
  <CompilerOptions>
    <Version Value="11"/>
    <PathDelim Value="\"/>
    <Target>
      <Filename Value="SegmentDisplayConfigurator"/>
    </Target>
    <SearchPaths>
      <IncludeFiles Value="$(ProjOutDir)"/>
      <OtherUnitFiles Value="..\..\ATOMEK.Controls;..\ATOMEK.Controls"/>
      <UnitOutputDirectory Value="lib\$(TargetCPU)-$(TargetOS)"/>
    </SearchPaths>
    <Linking>
      <Options>
        <Win32>
          <GraphicApplication Value="True"/>
        </Win32>
      </Options>
    </Linking>
  </CompilerOptions>
  <Debugging>
    <Exceptions Count="3">
      <Item1>
        <Name Value="EAbort"/>
      </Item1>
      <Item2>
        <Name Value="ECodetoolError"/>
      </Item2>
      <Item3>
        <Name Value="EFOpenError"/>
      </Item3>
    </Exceptions>
  </Debugging>
</CONFIG>
